
Microsoft Visual Studio Solution File, Format Version 12.00
# Visual Studio Version 17
VisualStudioVersion = 17.6.33829.357
MinimumVisualStudioVersion = 10.0.40219.1
Project("{6EC3EE1D-3C4E-46DD-8F32-0CC8E7565705}") = "TodoConsoleApp", "TodoConsoleApp\TodoConsoleApp.fsproj", "{D8DF8D58-568B-4ED1-97E4-9AEAC3363CD2}"
EndProject
Project("{F2A71F9B-5D33-465A-A702-920D77279786}") = "TodoConsoleAppTests", "TodoConsoleAppTests\TodoConsoleAppTests.fsproj", "{4A049B80-9270-4673-8F88-C91F554D4AEF}"
EndProject
Global
	GlobalSection(SolutionConfigurationPlatforms) = preSolution
		Debug|Any CPU = Debug|Any CPU
		Release|Any CPU = Release|Any CPU
	EndGlobalSection
	GlobalSection(ProjectConfigurationPlatforms) = postSolution
		{D8DF8D58-568B-4ED1-97E4-9AEAC3363CD2}.Debug|Any CPU.ActiveCfg = Debug|Any CPU
		{D8DF8D58-568B-4ED1-97E4-9AEAC3363CD2}.Debug|Any CPU.Build.0 = Debug|Any CPU
		{D8DF8D58-568B-4ED1-97E4-9AEAC3363CD2}.Release|Any CPU.ActiveCfg = Release|Any CPU
		{D8DF8D58-568B-4ED1-97E4-9AEAC3363CD2}.Release|Any CPU.Build.0 = Release|Any CPU
		{4A049B80-9270-4673-8F88-C91F554D4AEF}.Debug|Any CPU.ActiveCfg = Debug|Any CPU
		{4A049B80-9270-4673-8F88-C91F554D4AEF}.Debug|Any CPU.Build.0 = Debug|Any CPU
		{4A049B80-9270-4673-8F88-C91F554D4AEF}.Release|Any CPU.ActiveCfg = Release|Any CPU
		{4A049B80-9270-4673-8F88-C91F554D4AEF}.Release|Any CPU.Build.0 = Release|Any CPU
	EndGlobalSection
	GlobalSection(SolutionProperties) = preSolution
		HideSolutionNode = FALSE
	EndGlobalSection
	GlobalSection(ExtensibilityGlobals) = postSolution
		SolutionGuid = {D9BF9709-6711-4B9F-AF9F-163A8F15C798}
	EndGlobalSection
EndGlobal
