
Microsoft Visual Studio Solution File, Format Version 12.00
# Visual Studio Version 16
VisualStudioVersion = 16.0.30804.86
MinimumVisualStudioVersion = 10.0.40219.1
Project("{9A19103F-16F7-4668-BE54-9A1E7A4F7556}") = "PollApi", "PollApi\PollApi.csproj", "{3A15159F-585E-4C4C-8F2B-B312D0877EB8}"
EndProject
Project("{9A19103F-16F7-4668-BE54-9A1E7A4F7556}") = "PollLibrary", "PollLibrary\PollLibrary.csproj", "{3966289A-2AD8-4CFA-BA4B-C4E8FF5621AC}"
EndProject
Project("{FAE04EC0-301F-11D3-BF4B-00C04F79EFBC}") = "DemoPollApp", "DemoPollApp\DemoPollApp.csproj", "{5031389B-0011-49D6-9640-53D5FE2917C1}"
EndProject
Global
	GlobalSection(SolutionConfigurationPlatforms) = preSolution
		Debug|Any CPU = Debug|Any CPU
		Release|Any CPU = Release|Any CPU
	EndGlobalSection
	GlobalSection(ProjectConfigurationPlatforms) = postSolution
		{3A15159F-585E-4C4C-8F2B-B312D0877EB8}.Debug|Any CPU.ActiveCfg = Debug|Any CPU
		{3A15159F-585E-4C4C-8F2B-B312D0877EB8}.Debug|Any CPU.Build.0 = Debug|Any CPU
		{3A15159F-585E-4C4C-8F2B-B312D0877EB8}.Release|Any CPU.ActiveCfg = Release|Any CPU
		{3A15159F-585E-4C4C-8F2B-B312D0877EB8}.Release|Any CPU.Build.0 = Release|Any CPU
		{3966289A-2AD8-4CFA-BA4B-C4E8FF5621AC}.Debug|Any CPU.ActiveCfg = Debug|Any CPU
		{3966289A-2AD8-4CFA-BA4B-C4E8FF5621AC}.Debug|Any CPU.Build.0 = Debug|Any CPU
		{3966289A-2AD8-4CFA-BA4B-C4E8FF5621AC}.Release|Any CPU.ActiveCfg = Release|Any CPU
		{3966289A-2AD8-4CFA-BA4B-C4E8FF5621AC}.Release|Any CPU.Build.0 = Release|Any CPU
		{5031389B-0011-49D6-9640-53D5FE2917C1}.Debug|Any CPU.ActiveCfg = Debug|Any CPU
		{5031389B-0011-49D6-9640-53D5FE2917C1}.Debug|Any CPU.Build.0 = Debug|Any CPU
		{5031389B-0011-49D6-9640-53D5FE2917C1}.Release|Any CPU.ActiveCfg = Release|Any CPU
		{5031389B-0011-49D6-9640-53D5FE2917C1}.Release|Any CPU.Build.0 = Release|Any CPU
	EndGlobalSection
	GlobalSection(SolutionProperties) = preSolution
		HideSolutionNode = FALSE
	EndGlobalSection
	GlobalSection(ExtensibilityGlobals) = postSolution
		SolutionGuid = {868DCD74-0F44-45DA-BF50-2C399126FFC1}
	EndGlobalSection
EndGlobal
